
Microsoft Visual Studio Solution File, Format Version 12.00
# Visual Studio Version 17
VisualStudioVersion = 17.1.32228.430
MinimumVisualStudioVersion = 10.0.40219.1
Project("{FAE04EC0-301F-11D3-BF4B-00C04F79EFBC}") = "StoreFront.UI.MVC", "..\StoreFront.UI.MVC\StoreFront.UI.MVC.csproj", "{1AB0D09E-1269-4626-88A5-5B4A62D7D21D}"
EndProject
Project("{FAE04EC0-301F-11D3-BF4B-00C04F79EFBC}") = "StoreFront.Data.EF", "StoreFront.Data.EF\StoreFront.Data.EF.csproj", "{DF133662-A573-4662-BFBF-96785B086611}"
EndProject
Global
	GlobalSection(SolutionConfigurationPlatforms) = preSolution
		Debug|Any CPU = Debug|Any CPU
		Release|Any CPU = Release|Any CPU
	EndGlobalSection
	GlobalSection(ProjectConfigurationPlatforms) = postSolution
		{1AB0D09E-1269-4626-88A5-5B4A62D7D21D}.Debug|Any CPU.ActiveCfg = Debug|Any CPU
		{1AB0D09E-1269-4626-88A5-5B4A62D7D21D}.Debug|Any CPU.Build.0 = Debug|Any CPU
		{1AB0D09E-1269-4626-88A5-5B4A62D7D21D}.Release|Any CPU.ActiveCfg = Release|Any CPU
		{1AB0D09E-1269-4626-88A5-5B4A62D7D21D}.Release|Any CPU.Build.0 = Release|Any CPU
		{DF133662-A573-4662-BFBF-96785B086611}.Debug|Any CPU.ActiveCfg = Debug|Any CPU
		{DF133662-A573-4662-BFBF-96785B086611}.Debug|Any CPU.Build.0 = Debug|Any CPU
		{DF133662-A573-4662-BFBF-96785B086611}.Release|Any CPU.ActiveCfg = Release|Any CPU
		{DF133662-A573-4662-BFBF-96785B086611}.Release|Any CPU.Build.0 = Release|Any CPU
	EndGlobalSection
	GlobalSection(SolutionProperties) = preSolution
		HideSolutionNode = FALSE
	EndGlobalSection
	GlobalSection(ExtensibilityGlobals) = postSolution
		SolutionGuid = {E1F6C4E0-1AEC-44A5-B79B-D97481AFE6A4}
	EndGlobalSection
EndGlobal
